
Microsoft Visual Studio Solution File, Format Version 12.00
# Visual Studio Version 17
VisualStudioVersion = 17.3.32825.248
MinimumVisualStudioVersion = 10.0.40219.1
Project("{FAE04EC0-301F-11D3-BF4B-00C04F79EFBC}") = "Closet", "Closet\Closet.csproj", "{ED7C379F-4263-45AD-8128-0A051600E8B0}"
EndProject
Global
	GlobalSection(SolutionConfigurationPlatforms) = preSolution
		Debug|Any CPU = Debug|Any CPU
		Release|Any CPU = Release|Any CPU
	EndGlobalSection
	GlobalSection(ProjectConfigurationPlatforms) = postSolution
		{ED7C379F-4263-45AD-8128-0A051600E8B0}.Debug|Any CPU.ActiveCfg = Debug|Any CPU
		{ED7C379F-4263-45AD-8128-0A051600E8B0}.Debug|Any CPU.Build.0 = Debug|Any CPU
		{ED7C379F-4263-45AD-8128-0A051600E8B0}.Release|Any CPU.ActiveCfg = Release|Any CPU
		{ED7C379F-4263-45AD-8128-0A051600E8B0}.Release|Any CPU.Build.0 = Release|Any CPU
	EndGlobalSection
	GlobalSection(SolutionProperties) = preSolution
		HideSolutionNode = FALSE
	EndGlobalSection
	GlobalSection(ExtensibilityGlobals) = postSolution
		SolutionGuid = {1F2C4381-2104-4E23-BF3C-4ADADC381847}
	EndGlobalSection
EndGlobal
